
Microsoft Visual Studio Solution File, Format Version 12.00
# Visual Studio 2012
Project("{FAE04EC0-301F-11D3-BF4B-00C04F79EFBC}") = "WFReader", "Reader_WinForms\WFReader.csproj", "{426519D4-143E-497F-8C6F-176F9DFBF6CC}"
EndProject
Project("{FAE04EC0-301F-11D3-BF4B-00C04F79EFBC}") = "Core", "Core\Core.csproj", "{ED3BAA6E-2CFC-4DFF-8FD2-98757C040533}"
EndProject
Project("{FAE04EC0-301F-11D3-BF4B-00C04F79EFBC}") = "WPFReader", "WPFReader\WPFReader.csproj", "{15E1FBB9-86BC-4E85-AA73-AEAD6554C7D2}"
EndProject
Global
	GlobalSection(SolutionConfigurationPlatforms) = preSolution
		Debug|Any CPU = Debug|Any CPU
		Release|Any CPU = Release|Any CPU
	EndGlobalSection
	GlobalSection(ProjectConfigurationPlatforms) = postSolution
		{426519D4-143E-497F-8C6F-176F9DFBF6CC}.Debug|Any CPU.ActiveCfg = Debug|Any CPU
		{426519D4-143E-497F-8C6F-176F9DFBF6CC}.Debug|Any CPU.Build.0 = Debug|Any CPU
		{426519D4-143E-497F-8C6F-176F9DFBF6CC}.Release|Any CPU.ActiveCfg = Release|Any CPU
		{426519D4-143E-497F-8C6F-176F9DFBF6CC}.Release|Any CPU.Build.0 = Release|Any CPU
		{ED3BAA6E-2CFC-4DFF-8FD2-98757C040533}.Debug|Any CPU.ActiveCfg = Debug|Any CPU
		{ED3BAA6E-2CFC-4DFF-8FD2-98757C040533}.Debug|Any CPU.Build.0 = Debug|Any CPU
		{ED3BAA6E-2CFC-4DFF-8FD2-98757C040533}.Release|Any CPU.ActiveCfg = Release|Any CPU
		{ED3BAA6E-2CFC-4DFF-8FD2-98757C040533}.Release|Any CPU.Build.0 = Release|Any CPU
		{15E1FBB9-86BC-4E85-AA73-AEAD6554C7D2}.Debug|Any CPU.ActiveCfg = Debug|Any CPU
		{15E1FBB9-86BC-4E85-AA73-AEAD6554C7D2}.Debug|Any CPU.Build.0 = Debug|Any CPU
		{15E1FBB9-86BC-4E85-AA73-AEAD6554C7D2}.Release|Any CPU.ActiveCfg = Release|Any CPU
		{15E1FBB9-86BC-4E85-AA73-AEAD6554C7D2}.Release|Any CPU.Build.0 = Release|Any CPU
	EndGlobalSection
	GlobalSection(SolutionProperties) = preSolution
		HideSolutionNode = FALSE
	EndGlobalSection
EndGlobal
